
Microsoft Visual Studio Solution File, Format Version 12.00
# Visual Studio Version 17
VisualStudioVersion = 17.5.002.0
MinimumVisualStudioVersion = 10.0.40219.1
Project("{9A19103F-16F7-4668-BE54-9A1E7A4F7556}") = "DeMoMVC", "DeMoMVC.csproj", "{EFEC9BD3-CB04-4847-A22F-DFA8CF473055}"
EndProject
Global
	GlobalSection(SolutionConfigurationPlatforms) = preSolution
		Debug|Any CPU = Debug|Any CPU
		Release|Any CPU = Release|Any CPU
	EndGlobalSection
	GlobalSection(ProjectConfigurationPlatforms) = postSolution
		{EFEC9BD3-CB04-4847-A22F-DFA8CF473055}.Debug|Any CPU.ActiveCfg = Debug|Any CPU
		{EFEC9BD3-CB04-4847-A22F-DFA8CF473055}.Debug|Any CPU.Build.0 = Debug|Any CPU
		{EFEC9BD3-CB04-4847-A22F-DFA8CF473055}.Release|Any CPU.ActiveCfg = Release|Any CPU
		{EFEC9BD3-CB04-4847-A22F-DFA8CF473055}.Release|Any CPU.Build.0 = Release|Any CPU
	EndGlobalSection
	GlobalSection(SolutionProperties) = preSolution
		HideSolutionNode = FALSE
	EndGlobalSection
	GlobalSection(ExtensibilityGlobals) = postSolution
		SolutionGuid = {E6E16A41-4A3D-435C-B197-FBB76C520110}
	EndGlobalSection
EndGlobal
